// !$*UTF8*$!
{
	archiveVersion = 1;
	classes = {
	};
	objectVersion = 56;
	objects = {

/* Begin PBXBuildFile section */
		E34756B62C352BA600A4117D /* Kingfisher in Frameworks */ = {isa = PBXBuildFile; productRef = E34756B52C352BA600A4117D /* Kingfisher */; };
		E35356202C34688000227B27 /* AppDelegate.swift in Sources */ = {isa = PBXBuildFile; fileRef = E353561F2C34688000227B27 /* AppDelegate.swift */; };
		E35356222C34688000227B27 /* SceneDelegate.swift in Sources */ = {isa = PBXBuildFile; fileRef = E35356212C34688000227B27 /* SceneDelegate.swift */; };
		E35356242C34688000227B27 /* ViewController.swift in Sources */ = {isa = PBXBuildFile; fileRef = E35356232C34688000227B27 /* ViewController.swift */; };
		E35356292C34688200227B27 /* Assets.xcassets in Resources */ = {isa = PBXBuildFile; fileRef = E35356282C34688200227B27 /* Assets.xcassets */; };
		E353562C2C34688200227B27 /* LaunchScreen.storyboard in Resources */ = {isa = PBXBuildFile; fileRef = E353562A2C34688200227B27 /* LaunchScreen.storyboard */; };
		E353563C2C346A9500227B27 /* CollectionViewCell.swift in Sources */ = {isa = PBXBuildFile; fileRef = E353563B2C346A9500227B27 /* CollectionViewCell.swift */; };
		E353563E2C346ABC00227B27 /* JobInfoStruct.swift in Sources */ = {isa = PBXBuildFile; fileRef = E353563D2C346ABC00227B27 /* JobInfoStruct.swift */; };
		E35356412C3470A200227B27 /* SnapKit in Frameworks */ = {isa = PBXBuildFile; productRef = E35356402C3470A200227B27 /* SnapKit */; };
		E35356432C3470A200227B27 /* SnapKit-Dynamic in Frameworks */ = {isa = PBXBuildFile; productRef = E35356422C3470A200227B27 /* SnapKit-Dynamic */; };
		E38843062C351CC600F9F82F /* JobsManager.swift in Sources */ = {isa = PBXBuildFile; fileRef = E38843052C351CC600F9F82F /* JobsManager.swift */; };
/* End PBXBuildFile section */

/* Begin PBXFileReference section */
		E353561C2C34688000227B27 /* Project 37 გიორგი მაჩაბლიშვილი.app */ = {isa = PBXFileReference; explicitFileType = wrapper.application; includeInIndex = 0; path = "Project 37 გიორგი მაჩაბლიშვილი.app"; sourceTree = BUILT_PRODUCTS_DIR; };
		E353561F2C34688000227B27 /* AppDelegate.swift */ = {isa = PBXFileReference; lastKnownFileType = sourcecode.swift; path = AppDelegate.swift; sourceTree = "<group>"; };
		E35356212C34688000227B27 /* SceneDelegate.swift */ = {isa = PBXFileReference; lastKnownFileType = sourcecode.swift; path = SceneDelegate.swift; sourceTree = "<group>"; };
		E35356232C34688000227B27 /* ViewController.swift */ = {isa = PBXFileReference; lastKnownFileType = sourcecode.swift; path = ViewController.swift; sourceTree = "<group>"; };
		E35356282C34688200227B27 /* Assets.xcassets */ = {isa = PBXFileReference; lastKnownFileType = folder.assetcatalog; path = Assets.xcassets; sourceTree = "<group>"; };
		E353562B2C34688200227B27 /* Base */ = {isa = PBXFileReference; lastKnownFileType = file.storyboard; name = Base; path = Base.lproj/LaunchScreen.storyboard; sourceTree = "<group>"; };
		E353562D2C34688200227B27 /* Info.plist */ = {isa = PBXFileReference; lastKnownFileType = text.plist.xml; path = Info.plist; sourceTree = "<group>"; };
		E353563B2C346A9500227B27 /* CollectionViewCell.swift */ = {isa = PBXFileReference; lastKnownFileType = sourcecode.swift; path = CollectionViewCell.swift; sourceTree = "<group>"; };
		E353563D2C346ABC00227B27 /* JobInfoStruct.swift */ = {isa = PBXFileReference; lastKnownFileType = sourcecode.swift; path = JobInfoStruct.swift; sourceTree = "<group>"; };
		E38843052C351CC600F9F82F /* JobsManager.swift */ = {isa = PBXFileReference; lastKnownFileType = sourcecode.swift; path = JobsManager.swift; sourceTree = "<group>"; };
/* End PBXFileReference section */

/* Begin PBXFrameworksBuildPhase section */
		E35356192C34688000227B27 /* Frameworks */ = {
			isa = PBXFrameworksBuildPhase;
			buildActionMask = 2147483647;
			files = (
				E34756B62C352BA600A4117D /* Kingfisher in Frameworks */,
				E35356412C3470A200227B27 /* SnapKit in Frameworks */,
				E35356432C3470A200227B27 /* SnapKit-Dynamic in Frameworks */,
			);
			runOnlyForDeploymentPostprocessing = 0;
		};
/* End PBXFrameworksBuildPhase section */

/* Begin PBXGroup section */
		E35356132C34688000227B27 = {
			isa = PBXGroup;
			children = (
				E353561E2C34688000227B27 /* Project 37 გიორგი მაჩაბლიშვილი */,
				E353561D2C34688000227B27 /* Products */,
			);
			sourceTree = "<group>";
		};
		E353561D2C34688000227B27 /* Products */ = {
			isa = PBXGroup;
			children = (
				E353561C2C34688000227B27 /* Project 37 გიორგი მაჩაბლიშვილი.app */,
			);
			name = Products;
			sourceTree = "<group>";
		};
		E353561E2C34688000227B27 /* Project 37 გიორგი მაჩაბლიშვილი */ = {
			isa = PBXGroup;
			children = (
				E35356332C3468B200227B27 /* App */,
				E35356342C3468E600227B27 /* Scenes */,
				E35356352C34691F00227B27 /* Domain */,
				E35356362C34692900227B27 /* Resources */,
				E353562D2C34688200227B27 /* Info.plist */,
			);
			path = "Project 37 გიორგი მაჩაბლიშვილი";
			sourceTree = "<group>";
		};
		E35356332C3468B200227B27 /* App */ = {
			isa = PBXGroup;
			children = (
				E353561F2C34688000227B27 /* AppDelegate.swift */,
				E35356212C34688000227B27 /* SceneDelegate.swift */,
			);
			path = App;
			sourceTree = "<group>";
		};
		E35356342C3468E600227B27 /* Scenes */ = {
			isa = PBXGroup;
			children = (
				E353563A2C346A6300227B27 /* Collection View Cell */,
				E35356392C346A5800227B27 /* Main View */,
				E35356232C34688000227B27 /* ViewController.swift */,
			);
			path = Scenes;
			sourceTree = "<group>";
		};
		E35356352C34691F00227B27 /* Domain */ = {
			isa = PBXGroup;
			children = (
				E35356382C346A1100227B27 /* Job Struct */,
				E38843072C351CCA00F9F82F /* JobsManager */,
			);
			path = Domain;
			sourceTree = "<group>";
		};
		E35356362C34692900227B27 /* Resources */ = {
			isa = PBXGroup;
			children = (
				E35356372C34694D00227B27 /* Helper */,
			);
			path = Resources;
			sourceTree = "<group>";
		};
		E35356372C34694D00227B27 /* Helper */ = {
			isa = PBXGroup;
			children = (
				E353562A2C34688200227B27 /* LaunchScreen.storyboard */,
				E35356282C34688200227B27 /* Assets.xcassets */,
			);
			path = Helper;
			sourceTree = "<group>";
		};
		E35356382C346A1100227B27 /* Job Struct */ = {
			isa = PBXGroup;
			children = (
				E353563D2C346ABC00227B27 /* JobInfoStruct.swift */,
			);
			path = "Job Struct";
			sourceTree = "<group>";
		};
		E35356392C346A5800227B27 /* Main View */ = {
			isa = PBXGroup;
			children = (
			);
			path = "Main View";
			sourceTree = "<group>";
		};
		E353563A2C346A6300227B27 /* Collection View Cell */ = {
			isa = PBXGroup;
			children = (
				E353563B2C346A9500227B27 /* CollectionViewCell.swift */,
			);
			path = "Collection View Cell";
			sourceTree = "<group>";
		};
		E38843072C351CCA00F9F82F /* JobsManager */ = {
			isa = PBXGroup;
			children = (
				E38843052C351CC600F9F82F /* JobsManager.swift */,
			);
			path = JobsManager;
			sourceTree = "<group>";
		};
/* End PBXGroup section */

/* Begin PBXNativeTarget section */
		E353561B2C34688000227B27 /* Project 37 გიორგი მაჩაბლიშვილი */ = {
			isa = PBXNativeTarget;
			buildConfigurationList = E35356302C34688200227B27 /* Build configuration list for PBXNativeTarget "Project 37 გიორგი მაჩაბლიშვილი" */;
			buildPhases = (
				E35356182C34688000227B27 /* Sources */,
				E35356192C34688000227B27 /* Frameworks */,
				E353561A2C34688000227B27 /* Resources */,
			);
			buildRules = (
			);
			dependencies = (
			);
			name = "Project 37 გიორგი მაჩაბლიშვილი";
			packageProductDependencies = (
				E35356402C3470A200227B27 /* SnapKit */,
				E35356422C3470A200227B27 /* SnapKit-Dynamic */,
				E34756B52C352BA600A4117D /* Kingfisher */,
			);
			productName = "Project 37 გიორგი მაჩაბლიშვილი";
			productReference = E353561C2C34688000227B27 /* Project 37 გიორგი მაჩაბლიშვილი.app */;
			productType = "com.apple.product-type.application";
		};
/* End PBXNativeTarget section */

/* Begin PBXProject section */
		E35356142C34688000227B27 /* Project object */ = {
			isa = PBXProject;
			attributes = {
				BuildIndependentTargetsInParallel = 1;
				LastSwiftUpdateCheck = 1520;
				LastUpgradeCheck = 1520;
				TargetAttributes = {
					E353561B2C34688000227B27 = {
						CreatedOnToolsVersion = 15.2;
					};
				};
			};
			buildConfigurationList = E35356172C34688000227B27 /* Build configuration list for PBXProject "Project 37 გიორგი მაჩაბლიშვილი" */;
			compatibilityVersion = "Xcode 14.0";
			developmentRegion = en;
			hasScannedForEncodings = 0;
			knownRegions = (
				en,
				Base,
			);
			mainGroup = E35356132C34688000227B27;
			packageReferences = (
				E353563F2C3470A200227B27 /* XCRemoteSwiftPackageReference "SnapKit" */,
				E34756B42C352BA600A4117D /* XCRemoteSwiftPackageReference "Kingfisher" */,
			);
			productRefGroup = E353561D2C34688000227B27 /* Products */;
			projectDirPath = "";
			projectRoot = "";
			targets = (
				E353561B2C34688000227B27 /* Project 37 გიორგი მაჩაბლიშვილი */,
			);
		};
/* End PBXProject section */

/* Begin PBXResourcesBuildPhase section */
		E353561A2C34688000227B27 /* Resources */ = {
			isa = PBXResourcesBuildPhase;
			buildActionMask = 2147483647;
			files = (
				E353562C2C34688200227B27 /* LaunchScreen.storyboard in Resources */,
				E35356292C34688200227B27 /* Assets.xcassets in Resources */,
			);
			runOnlyForDeploymentPostprocessing = 0;
		};
/* End PBXResourcesBuildPhase section */

/* Begin PBXSourcesBuildPhase section */
		E35356182C34688000227B27 /* Sources */ = {
			isa = PBXSourcesBuildPhase;
			buildActionMask = 2147483647;
			files = (
				E35356242C34688000227B27 /* ViewController.swift in Sources */,
				E353563E2C346ABC00227B27 /* JobInfoStruct.swift in Sources */,
				E35356202C34688000227B27 /* AppDelegate.swift in Sources */,
				E353563C2C346A9500227B27 /* CollectionViewCell.swift in Sources */,
				E35356222C34688000227B27 /* SceneDelegate.swift in Sources */,
				E38843062C351CC600F9F82F /* JobsManager.swift in Sources */,
			);
			runOnlyForDeploymentPostprocessing = 0;
		};
/* End PBXSourcesBuildPhase section */

/* Begin PBXVariantGroup section */
		E353562A2C34688200227B27 /* LaunchScreen.storyboard */ = {
			isa = PBXVariantGroup;
			children = (
				E353562B2C34688200227B27 /* Base */,
			);
			name = LaunchScreen.storyboard;
			sourceTree = "<group>";
		};
/* End PBXVariantGroup section */

/* Begin XCBuildConfiguration section */
		E353562E2C34688200227B27 /* Debug */ = {
			isa = XCBuildConfiguration;
			buildSettings = {
				ALWAYS_SEARCH_USER_PATHS = NO;
				ASSETCATALOG_COMPILER_GENERATE_SWIFT_ASSET_SYMBOL_EXTENSIONS = YES;
				CLANG_ANALYZER_NONNULL = YES;
				CLANG_ANALYZER_NUMBER_OBJECT_CONVERSION = YES_AGGRESSIVE;
				CLANG_CXX_LANGUAGE_STANDARD = "gnu++20";
				CLANG_ENABLE_MODULES = YES;
				CLANG_ENABLE_OBJC_ARC = YES;
				CLANG_ENABLE_OBJC_WEAK = YES;
				CLANG_WARN_BLOCK_CAPTURE_AUTORELEASING = YES;
				CLANG_WARN_BOOL_CONVERSION = YES;
				CLANG_WARN_COMMA = YES;
				CLANG_WARN_CONSTANT_CONVERSION = YES;
				CLANG_WARN_DEPRECATED_OBJC_IMPLEMENTATIONS = YES;
				CLANG_WARN_DIRECT_OBJC_ISA_USAGE = YES_ERROR;
				CLANG_WARN_DOCUMENTATION_COMMENTS = YES;
				CLANG_WARN_EMPTY_BODY = YES;
				CLANG_WARN_ENUM_CONVERSION = YES;
				CLANG_WARN_INFINITE_RECURSION = YES;
				CLANG_WARN_INT_CONVERSION = YES;
				CLANG_WARN_NON_LITERAL_NULL_CONVERSION = YES;
				CLANG_WARN_OBJC_IMPLICIT_RETAIN_SELF = YES;
				CLANG_WARN_OBJC_LITERAL_CONVERSION = YES;
				CLANG_WARN_OBJC_ROOT_CLASS = YES_ERROR;
				CLANG_WARN_QUOTED_INCLUDE_IN_FRAMEWORK_HEADER = YES;
				CLANG_WARN_RANGE_LOOP_ANALYSIS = YES;
				CLANG_WARN_STRICT_PROTOTYPES = YES;
				CLANG_WARN_SUSPICIOUS_MOVE = YES;
				CLANG_WARN_UNGUARDED_AVAILABILITY = YES_AGGRESSIVE;
				CLANG_WARN_UNREACHABLE_CODE = YES;
				CLANG_WARN__DUPLICATE_METHOD_MATCH = YES;
				COPY_PHASE_STRIP = NO;
				DEBUG_INFORMATION_FORMAT = dwarf;
				ENABLE_STRICT_OBJC_MSGSEND = YES;
				ENABLE_TESTABILITY = YES;
				ENABLE_USER_SCRIPT_SANDBOXING = YES;
				GCC_C_LANGUAGE_STANDARD = gnu17;
				GCC_DYNAMIC_NO_PIC = NO;
				GCC_NO_COMMON_BLOCKS = YES;
				GCC_OPTIMIZATION_LEVEL = 0;
				GCC_PREPROCESSOR_DEFINITIONS = (
					"DEBUG=1",
					"$(inherited)",
				);
				GCC_WARN_64_TO_32_BIT_CONVERSION = YES;
				GCC_WARN_ABOUT_RETURN_TYPE = YES_ERROR;
				GCC_WARN_UNDECLARED_SELECTOR = YES;
				GCC_WARN_UNINITIALIZED_AUTOS = YES_AGGRESSIVE;
				GCC_WARN_UNUSED_FUNCTION = YES;
				GCC_WARN_UNUSED_VARIABLE = YES;
				IPHONEOS_DEPLOYMENT_TARGET = 17.2;
				LOCALIZATION_PREFERS_STRING_CATALOGS = YES;
				MTL_ENABLE_DEBUG_INFO = INCLUDE_SOURCE;
				MTL_FAST_MATH = YES;
				ONLY_ACTIVE_ARCH = YES;
				SDKROOT = iphoneos;
				SWIFT_ACTIVE_COMPILATION_CONDITIONS = "DEBUG $(inherited)";
				SWIFT_OPTIMIZATION_LEVEL = "-Onone";
			};
			name = Debug;
		};
		E353562F2C34688200227B27 /* Release */ = {
			isa = XCBuildConfiguration;
			buildSettings = {
				ALWAYS_SEARCH_USER_PATHS = NO;
				ASSETCATALOG_COMPILER_GENERATE_SWIFT_ASSET_SYMBOL_EXTENSIONS = YES;
				CLANG_ANALYZER_NONNULL = YES;
				CLANG_ANALYZER_NUMBER_OBJECT_CONVERSION = YES_AGGRESSIVE;
				CLANG_CXX_LANGUAGE_STANDARD = "gnu++20";
				CLANG_ENABLE_MODULES = YES;
				CLANG_ENABLE_OBJC_ARC = YES;
				CLANG_ENABLE_OBJC_WEAK = YES;
				CLANG_WARN_BLOCK_CAPTURE_AUTORELEASING = YES;
				CLANG_WARN_BOOL_CONVERSION = YES;
				CLANG_WARN_COMMA = YES;
				CLANG_WARN_CONSTANT_CONVERSION = YES;
				CLANG_WARN_DEPRECATED_OBJC_IMPLEMENTATIONS = YES;
				CLANG_WARN_DIRECT_OBJC_ISA_USAGE = YES_ERROR;
				CLANG_WARN_DOCUMENTATION_COMMENTS = YES;
				CLANG_WARN_EMPTY_BODY = YES;
				CLANG_WARN_ENUM_CONVERSION = YES;
				CLANG_WARN_INFINITE_RECURSION = YES;
				CLANG_WARN_INT_CONVERSION = YES;
				CLANG_WARN_NON_LITERAL_NULL_CONVERSION = YES;
				CLANG_WARN_OBJC_IMPLICIT_RETAIN_SELF = YES;
				CLANG_WARN_OBJC_LITERAL_CONVERSION = YES;
				CLANG_WARN_OBJC_ROOT_CLASS = YES_ERROR;
				CLANG_WARN_QUOTED_INCLUDE_IN_FRAMEWORK_HEADER = YES;
				CLANG_WARN_RANGE_LOOP_ANALYSIS = YES;
				CLANG_WARN_STRICT_PROTOTYPES = YES;
				CLANG_WARN_SUSPICIOUS_MOVE = YES;
				CLANG_WARN_UNGUARDED_AVAILABILITY = YES_AGGRESSIVE;
				CLANG_WARN_UNREACHABLE_CODE = YES;
				CLANG_WARN__DUPLICATE_METHOD_MATCH = YES;
				COPY_PHASE_STRIP = NO;
				DEBUG_INFORMATION_FORMAT = "dwarf-with-dsym";
				ENABLE_NS_ASSERTIONS = NO;
				ENABLE_STRICT_OBJC_MSGSEND = YES;
				ENABLE_USER_SCRIPT_SANDBOXING = YES;
				GCC_C_LANGUAGE_STANDARD = gnu17;
				GCC_NO_COMMON_BLOCKS = YES;
				GCC_WARN_64_TO_32_BIT_CONVERSION = YES;
				GCC_WARN_ABOUT_RETURN_TYPE = YES_ERROR;
				GCC_WARN_UNDECLARED_SELECTOR = YES;
				GCC_WARN_UNINITIALIZED_AUTOS = YES_AGGRESSIVE;
				GCC_WARN_UNUSED_FUNCTION = YES;
				GCC_WARN_UNUSED_VARIABLE = YES;
				IPHONEOS_DEPLOYMENT_TARGET = 17.2;
				LOCALIZATION_PREFERS_STRING_CATALOGS = YES;
				MTL_ENABLE_DEBUG_INFO = NO;
				MTL_FAST_MATH = YES;
				SDKROOT = iphoneos;
				SWIFT_COMPILATION_MODE = wholemodule;
				VALIDATE_PRODUCT = YES;
			};
			name = Release;
		};
		E35356312C34688200227B27 /* Debug */ = {
			isa = XCBuildConfiguration;
			buildSettings = {
				ASSETCATALOG_COMPILER_APPICON_NAME = AppIcon;
				ASSETCATALOG_COMPILER_GLOBAL_ACCENT_COLOR_NAME = AccentColor;
				CODE_SIGN_STYLE = Automatic;
				CURRENT_PROJECT_VERSION = 1;
				GENERATE_INFOPLIST_FILE = YES;
				INFOPLIST_FILE = "Project 37 გიორგი მაჩაბლიშვილი/Info.plist";
				INFOPLIST_KEY_UIApplicationSupportsIndirectInputEvents = YES;
				INFOPLIST_KEY_UILaunchStoryboardName = LaunchScreen;
				INFOPLIST_KEY_UISupportedInterfaceOrientations_iPad = "UIInterfaceOrientationPortrait UIInterfaceOrientationPortraitUpsideDown UIInterfaceOrientationLandscapeLeft UIInterfaceOrientationLandscapeRight";
				INFOPLIST_KEY_UISupportedInterfaceOrientations_iPhone = "UIInterfaceOrientationPortrait UIInterfaceOrientationLandscapeLeft UIInterfaceOrientationLandscapeRight";
				LD_RUNPATH_SEARCH_PATHS = (
					"$(inherited)",
					"@executable_path/Frameworks",
				);
				MARKETING_VERSION = 1.0;
				PRODUCT_BUNDLE_IDENTIFIER = "-0.Project-37--------------------";
				PRODUCT_NAME = "$(TARGET_NAME)";
				SWIFT_EMIT_LOC_STRINGS = YES;
				SWIFT_VERSION = 5.0;
				TARGETED_DEVICE_FAMILY = "1,2";
			};
			name = Debug;
		};
		E35356322C34688200227B27 /* Release */ = {
			isa = XCBuildConfiguration;
			buildSettings = {
				ASSETCATALOG_COMPILER_APPICON_NAME = AppIcon;
				ASSETCATALOG_COMPILER_GLOBAL_ACCENT_COLOR_NAME = AccentColor;
				CODE_SIGN_STYLE = Automatic;
				CURRENT_PROJECT_VERSION = 1;
				GENERATE_INFOPLIST_FILE = YES;
				INFOPLIST_FILE = "Project 37 გიორგი მაჩაბლიშვილი/Info.plist";
				INFOPLIST_KEY_UIApplicationSupportsIndirectInputEvents = YES;
				INFOPLIST_KEY_UILaunchStoryboardName = LaunchScreen;
				INFOPLIST_KEY_UISupportedInterfaceOrientations_iPad = "UIInterfaceOrientationPortrait UIInterfaceOrientationPortraitUpsideDown UIInterfaceOrientationLandscapeLeft UIInterfaceOrientationLandscapeRight";
				INFOPLIST_KEY_UISupportedInterfaceOrientations_iPhone = "UIInterfaceOrientationPortrait UIInterfaceOrientationLandscapeLeft UIInterfaceOrientationLandscapeRight";
				LD_RUNPATH_SEARCH_PATHS = (
					"$(inherited)",
					"@executable_path/Frameworks",
				);
				MARKETING_VERSION = 1.0;
				PRODUCT_BUNDLE_IDENTIFIER = "-0.Project-37--------------------";
				PRODUCT_NAME = "$(TARGET_NAME)";
				SWIFT_EMIT_LOC_STRINGS = YES;
				SWIFT_VERSION = 5.0;
				TARGETED_DEVICE_FAMILY = "1,2";
			};
			name = Release;
		};
/* End XCBuildConfiguration section */

/* Begin XCConfigurationList section */
		E35356172C34688000227B27 /* Build configuration list for PBXProject "Project 37 გიორგი მაჩაბლიშვილი" */ = {
			isa = XCConfigurationList;
			buildConfigurations = (
				E353562E2C34688200227B27 /* Debug */,
				E353562F2C34688200227B27 /* Release */,
			);
			defaultConfigurationIsVisible = 0;
			defaultConfigurationName = Release;
		};
		E35356302C34688200227B27 /* Build configuration list for PBXNativeTarget "Project 37 გიორგი მაჩაბლიშვილი" */ = {
			isa = XCConfigurationList;
			buildConfigurations = (
				E35356312C34688200227B27 /* Debug */,
				E35356322C34688200227B27 /* Release */,
			);
			defaultConfigurationIsVisible = 0;
			defaultConfigurationName = Release;
		};
/* End XCConfigurationList section */

/* Begin XCRemoteSwiftPackageReference section */
		E34756B42C352BA600A4117D /* XCRemoteSwiftPackageReference "Kingfisher" */ = {
			isa = XCRemoteSwiftPackageReference;
			repositoryURL = "https://github.com/onevcat/Kingfisher";
			requirement = {
				kind = upToNextMajorVersion;
				minimumVersion = 7.12.0;
			};
		};
		E353563F2C3470A200227B27 /* XCRemoteSwiftPackageReference "SnapKit" */ = {
			isa = XCRemoteSwiftPackageReference;
			repositoryURL = "https://github.com/SnapKit/SnapKit";
			requirement = {
				kind = upToNextMajorVersion;
				minimumVersion = 5.7.1;
			};
		};
/* End XCRemoteSwiftPackageReference section */

/* Begin XCSwiftPackageProductDependency section */
		E34756B52C352BA600A4117D /* Kingfisher */ = {
			isa = XCSwiftPackageProductDependency;
			package = E34756B42C352BA600A4117D /* XCRemoteSwiftPackageReference "Kingfisher" */;
			productName = Kingfisher;
		};
		E35356402C3470A200227B27 /* SnapKit */ = {
			isa = XCSwiftPackageProductDependency;
			package = E353563F2C3470A200227B27 /* XCRemoteSwiftPackageReference "SnapKit" */;
			productName = SnapKit;
		};
		E35356422C3470A200227B27 /* SnapKit-Dynamic */ = {
			isa = XCSwiftPackageProductDependency;
			package = E353563F2C3470A200227B27 /* XCRemoteSwiftPackageReference "SnapKit" */;
			productName = "SnapKit-Dynamic";
		};
/* End XCSwiftPackageProductDependency section */
	};
	rootObject = E35356142C34688000227B27 /* Project object */;
}
